
Microsoft Visual Studio Solution File, Format Version 12.00
# Visual Studio 2012
Project("{8BC9CEB8-8B4A-11D0-8D11-00A0C91BC942}") = "ToolArx", "ToolArx\ToolArx.vcxproj", "{C450F0F7-DD63-48AA-BD9A-A6748817D65F}"
EndProject
Global
	GlobalSection(SolutionConfigurationPlatforms) = preSolution
		Debug|x64 = Debug|x64
		Debug|x86 = Debug|x86
		Release_cad14|x64 = Release_cad14|x64
		Release_cad14|x86 = Release_cad14|x86
		Release_cad16|x64 = Release_cad16|x64
		Release_cad16|x86 = Release_cad16|x86
		Release|x64 = Release|x64
		Release|x86 = Release|x86
	EndGlobalSection
	GlobalSection(ProjectConfigurationPlatforms) = postSolution
		{C450F0F7-DD63-48AA-BD9A-A6748817D65F}.Debug|x64.ActiveCfg = Debug|x64
		{C450F0F7-DD63-48AA-BD9A-A6748817D65F}.Debug|x64.Build.0 = Debug|x64
		{C450F0F7-DD63-48AA-BD9A-A6748817D65F}.Debug|x86.ActiveCfg = Debug|Win32
		{C450F0F7-DD63-48AA-BD9A-A6748817D65F}.Debug|x86.Build.0 = Debug|Win32
		{C450F0F7-DD63-48AA-BD9A-A6748817D65F}.Release_cad14|x64.ActiveCfg = Release_cad14|x64
		{C450F0F7-DD63-48AA-BD9A-A6748817D65F}.Release_cad14|x86.ActiveCfg = Release_cad14|Win32
		{C450F0F7-DD63-48AA-BD9A-A6748817D65F}.Release_cad14|x86.Build.0 = Release_cad14|Win32
		{C450F0F7-DD63-48AA-BD9A-A6748817D65F}.Release_cad16|x64.ActiveCfg = Release_cad16|x64
		{C450F0F7-DD63-48AA-BD9A-A6748817D65F}.Release_cad16|x86.ActiveCfg = Release_cad16|Win32
		{C450F0F7-DD63-48AA-BD9A-A6748817D65F}.Release_cad16|x86.Build.0 = Release_cad16|Win32
		{C450F0F7-DD63-48AA-BD9A-A6748817D65F}.Release|x64.ActiveCfg = Release|x64
		{C450F0F7-DD63-48AA-BD9A-A6748817D65F}.Release|x64.Build.0 = Release|x64
		{C450F0F7-DD63-48AA-BD9A-A6748817D65F}.Release|x86.ActiveCfg = Release|Win32
		{C450F0F7-DD63-48AA-BD9A-A6748817D65F}.Release|x86.Build.0 = Release|Win32
	EndGlobalSection
	GlobalSection(SolutionProperties) = preSolution
		HideSolutionNode = FALSE
	EndGlobalSection
EndGlobal
