<?xml version="1.0" encoding="utf-8"?>
<Project ToolsVersion="4.0" xmlns="http://schemas.microsoft.com/developer/msbuild/2003">
  <ItemGroup>
    <Filter Include="Source Files">
      <UniqueIdentifier>{4FC737F1-C7A5-4376-A066-2A32D752A2FF}</UniqueIdentifier>
      <Extensions>cpp;c;cc;cxx;def;odl;idl;hpj;bat;asm;asmx</Extensions>
    </Filter>
    <Filter Include="Header Files">
      <UniqueIdentifier>{93995380-89BD-4b04-88EB-625FBE52EBFB}</UniqueIdentifier>
      <Extensions>h;hh;hpp;hxx;hm;inl;inc;xsd</Extensions>
    </Filter>
    <Filter Include="Resource Files">
      <UniqueIdentifier>{67DA6AB6-F800-4c08-8B7A-83BB121AAD01}</UniqueIdentifier>
      <Extensions>rc;ico;cur;bmp;dlg;rc2;rct;bin;rgs;gif;jpg;jpeg;jpe;resx;tiff;tif;png;wav;mfcribbon-ms</Extensions>
    </Filter>
    <Filter Include="Header Files\MTree">
      <UniqueIdentifier>{f613050c-62e5-4a8c-b968-fdff6740d58b}</UniqueIdentifier>
    </Filter>
    <Filter Include="Header Files\ContourLine">
      <UniqueIdentifier>{abebd6ac-5e37-4c7a-90da-50a975881e46}</UniqueIdentifier>
    </Filter>
    <Filter Include="Header Files\FastDim">
      <UniqueIdentifier>{33e6b605-9b70-4ca4-bf4b-17ea6575163b}</UniqueIdentifier>
    </Filter>
    <Filter Include="Header Files\InstanceBalloon">
      <UniqueIdentifier>{f7c80086-6a38-4816-8e77-d7592eacc1d9}</UniqueIdentifier>
    </Filter>
    <Filter Include="Header Files\BlkFunc">
      <UniqueIdentifier>{ebd99f34-45a6-4ff2-a67e-b509583339ee}</UniqueIdentifier>
    </Filter>
    <Filter Include="Header Files\EditCurve">
      <UniqueIdentifier>{c49b3c8e-1e30-4151-b6dd-8dc7228e8fcf}</UniqueIdentifier>
    </Filter>
    <Filter Include="Header Files\Layout">
      <UniqueIdentifier>{6d591310-dd6a-4b6c-b9d5-55e4ff63926d}</UniqueIdentifier>
    </Filter>
  </ItemGroup>
  <ItemGroup>
    <ClInclude Include="Source\SphericalTree\node.h">
      <Filter>Header Files\MTree</Filter>
    </ClInclude>
    <ClInclude Include="Source\SphericalTree\point2d.h">
      <Filter>Header Files\MTree</Filter>
    </ClInclude>
    <ClInclude Include="Source\SphericalTree\mtree.h">
      <Filter>Header Files\MTree</Filter>
    </ClInclude>
    <ClInclude Include="Source\triangle.h">
      <Filter>Header Files</Filter>
    </ClInclude>
    <ClInclude Include="Source\SphericalTree\vector2d.h">
      <Filter>Header Files\MTree</Filter>
    </ClInclude>
    <ClInclude Include="stdafx.h">
      <Filter>Header Files</Filter>
    </ClInclude>
    <ClInclude Include="Source\contour_line.h">
      <Filter>Header Files\ContourLine</Filter>
    </ClInclude>
    <ClInclude Include="Source\fast_dim.h">
      <Filter>Header Files\FastDim</Filter>
    </ClInclude>
    <ClInclude Include="Source\instance_balloon.h">
      <Filter>Header Files\InstanceBalloon</Filter>
    </ClInclude>
    <ClInclude Include="Source\acad_mechanical_inc.h">
      <Filter>Header Files\InstanceBalloon</Filter>
    </ClInclude>
    <ClInclude Include="Source\blk_ref_func.h">
      <Filter>Header Files\BlkFunc</Filter>
    </ClInclude>
    <ClInclude Include="Source\editor_reactor.h">
      <Filter>Header Files</Filter>
    </ClInclude>
    <ClInclude Include="Source\edit_curve.h">
      <Filter>Header Files\EditCurve</Filter>
    </ClInclude>
    <ClInclude Include="Source\database_funcs.h">
      <Filter>Header Files</Filter>
    </ClInclude>
    <ClInclude Include="Source\staticstic_blk_layout.h">
      <Filter>Header Files\Layout</Filter>
    </ClInclude>
  </ItemGroup>
  <ItemGroup>
    <ClCompile Include="Source\SphericalTree\point2d.cpp">
      <Filter>Header Files\MTree</Filter>
    </ClCompile>
    <ClCompile Include="Source\triangle.cpp">
      <Filter>Header Files</Filter>
    </ClCompile>
    <ClCompile Include="Source\SphericalTree\vector2d.cpp">
      <Filter>Header Files\MTree</Filter>
    </ClCompile>
    <ClCompile Include="Source\acrx_entry_point.cpp">
      <Filter>Source Files</Filter>
    </ClCompile>
    <ClCompile Include="Source\contour_line.cpp">
      <Filter>Header Files\ContourLine</Filter>
    </ClCompile>
    <ClCompile Include="Source\fast_dim.cpp">
      <Filter>Header Files\FastDim</Filter>
    </ClCompile>
    <ClCompile Include="Source\instance_balloon.cpp">
      <Filter>Header Files\InstanceBalloon</Filter>
    </ClCompile>
    <ClCompile Include="Source\blk_ref_func.cpp">
      <Filter>Header Files\BlkFunc</Filter>
    </ClCompile>
    <ClCompile Include="Source\editor_reactor.cpp">
      <Filter>Header Files</Filter>
    </ClCompile>
    <ClCompile Include="Source\edit_curve.cpp">
      <Filter>Header Files\EditCurve</Filter>
    </ClCompile>
    <ClCompile Include="Source\database_funcs.cpp">
      <Filter>Header Files</Filter>
    </ClCompile>
    <ClCompile Include="Source\staticstic_blk_layout.cpp">
      <Filter>Header Files\Layout</Filter>
    </ClCompile>
  </ItemGroup>
  <ItemGroup>
    <None Include="FastCAD.def">
      <Filter>Source Files</Filter>
    </None>
  </ItemGroup>
</Project>